
Microsoft Visual Studio Solution File, Format Version 12.00
# Visual Studio Version 17
VisualStudioVersion = 17.11.35327.3
MinimumVisualStudioVersion = 10.0.40219.1
Project("{9A19103F-16F7-4668-BE54-9A1E7A4F7556}") = "WoodcarvingApp.Web", "WoodcarvingApp.Web\WoodcarvingApp.Web.csproj", "{1DBD028B-4D3B-4774-8A16-8F08DF305F74}"
EndProject
Project("{2150E333-8FDC-42A3-9474-1A3956D46DE8}") = "Data", "Data", "{75311EB2-2F23-4CF6-96DE-5F4ED3FE1005}"
EndProject
Project("{2150E333-8FDC-42A3-9474-1A3956D46DE8}") = "Services", "Services", "{875DAD1A-ECAE-40EC-B945-8BA1D6DA348C}"
EndProject
Project("{2150E333-8FDC-42A3-9474-1A3956D46DE8}") = "Web", "Web", "{0C1AAD55-55BF-4294-9B5E-947EB932D6EF}"
EndProject
Project("{FAE04EC0-301F-11D3-BF4B-00C04F79EFBC}") = "WoodcarvingApp.Common", "WoodcarvingApp.Common\WoodcarvingApp.Common.csproj", "{CFD97B16-7924-4971-A211-775FA9EC6D81}"
EndProject
Project("{FAE04EC0-301F-11D3-BF4B-00C04F79EFBC}") = "WoodcarvingApp.Data", "WoodcarvingApp.Data\WoodcarvingApp.Data.csproj", "{FC71AAE9-EA5C-4A81-87EF-031492F964F8}"
EndProject
Project("{FAE04EC0-301F-11D3-BF4B-00C04F79EFBC}") = "WoodcarvingApp.Data.Models", "WoodcarvingApp.Data.Models\WoodcarvingApp.Data.Models.csproj", "{3874DB41-0939-4F1D-B7AF-225E94D60635}"
EndProject
Project("{FAE04EC0-301F-11D3-BF4B-00C04F79EFBC}") = "WoodcarvingApp.Services.Data", "WoodcarvingApp.Services.Data\WoodcarvingApp.Services.Data.csproj", "{B582DDDA-179B-47EB-9D96-308CAFF0C28F}"
EndProject
Project("{FAE04EC0-301F-11D3-BF4B-00C04F79EFBC}") = "WoodcarvingApp.Web.Infrastructure", "WoodcarvingApp.Web.Infrastructure\WoodcarvingApp.Web.Infrastructure.csproj", "{D2CDFF99-7CFB-4C56-9A7F-514D94794961}"
EndProject
Project("{FAE04EC0-301F-11D3-BF4B-00C04F79EFBC}") = "WoodcarvingApp.Web.ViewModels", "WoodcarvingApp.Web.ViewModels\WoodcarvingApp.Web.ViewModels.csproj", "{D6C7A642-5C6E-4FB2-8B9B-A4F7B9EECD7D}"
EndProject
Global
	GlobalSection(SolutionConfigurationPlatforms) = preSolution
		Debug|Any CPU = Debug|Any CPU
		Release|Any CPU = Release|Any CPU
	EndGlobalSection
	GlobalSection(ProjectConfigurationPlatforms) = postSolution
		{1DBD028B-4D3B-4774-8A16-8F08DF305F74}.Debug|Any CPU.ActiveCfg = Debug|Any CPU
		{1DBD028B-4D3B-4774-8A16-8F08DF305F74}.Debug|Any CPU.Build.0 = Debug|Any CPU
		{1DBD028B-4D3B-4774-8A16-8F08DF305F74}.Release|Any CPU.ActiveCfg = Release|Any CPU
		{1DBD028B-4D3B-4774-8A16-8F08DF305F74}.Release|Any CPU.Build.0 = Release|Any CPU
		{CFD97B16-7924-4971-A211-775FA9EC6D81}.Debug|Any CPU.ActiveCfg = Debug|Any CPU
		{CFD97B16-7924-4971-A211-775FA9EC6D81}.Debug|Any CPU.Build.0 = Debug|Any CPU
		{CFD97B16-7924-4971-A211-775FA9EC6D81}.Release|Any CPU.ActiveCfg = Release|Any CPU
		{CFD97B16-7924-4971-A211-775FA9EC6D81}.Release|Any CPU.Build.0 = Release|Any CPU
		{FC71AAE9-EA5C-4A81-87EF-031492F964F8}.Debug|Any CPU.ActiveCfg = Debug|Any CPU
		{FC71AAE9-EA5C-4A81-87EF-031492F964F8}.Debug|Any CPU.Build.0 = Debug|Any CPU
		{FC71AAE9-EA5C-4A81-87EF-031492F964F8}.Release|Any CPU.ActiveCfg = Release|Any CPU
		{FC71AAE9-EA5C-4A81-87EF-031492F964F8}.Release|Any CPU.Build.0 = Release|Any CPU
		{3874DB41-0939-4F1D-B7AF-225E94D60635}.Debug|Any CPU.ActiveCfg = Debug|Any CPU
		{3874DB41-0939-4F1D-B7AF-225E94D60635}.Debug|Any CPU.Build.0 = Debug|Any CPU
		{3874DB41-0939-4F1D-B7AF-225E94D60635}.Release|Any CPU.ActiveCfg = Release|Any CPU
		{3874DB41-0939-4F1D-B7AF-225E94D60635}.Release|Any CPU.Build.0 = Release|Any CPU
		{B582DDDA-179B-47EB-9D96-308CAFF0C28F}.Debug|Any CPU.ActiveCfg = Debug|Any CPU
		{B582DDDA-179B-47EB-9D96-308CAFF0C28F}.Debug|Any CPU.Build.0 = Debug|Any CPU
		{B582DDDA-179B-47EB-9D96-308CAFF0C28F}.Release|Any CPU.ActiveCfg = Release|Any CPU
		{B582DDDA-179B-47EB-9D96-308CAFF0C28F}.Release|Any CPU.Build.0 = Release|Any CPU
		{D2CDFF99-7CFB-4C56-9A7F-514D94794961}.Debug|Any CPU.ActiveCfg = Debug|Any CPU
		{D2CDFF99-7CFB-4C56-9A7F-514D94794961}.Debug|Any CPU.Build.0 = Debug|Any CPU
		{D2CDFF99-7CFB-4C56-9A7F-514D94794961}.Release|Any CPU.ActiveCfg = Release|Any CPU
		{D2CDFF99-7CFB-4C56-9A7F-514D94794961}.Release|Any CPU.Build.0 = Release|Any CPU
		{D6C7A642-5C6E-4FB2-8B9B-A4F7B9EECD7D}.Debug|Any CPU.ActiveCfg = Debug|Any CPU
		{D6C7A642-5C6E-4FB2-8B9B-A4F7B9EECD7D}.Debug|Any CPU.Build.0 = Debug|Any CPU
		{D6C7A642-5C6E-4FB2-8B9B-A4F7B9EECD7D}.Release|Any CPU.ActiveCfg = Release|Any CPU
		{D6C7A642-5C6E-4FB2-8B9B-A4F7B9EECD7D}.Release|Any CPU.Build.0 = Release|Any CPU
	EndGlobalSection
	GlobalSection(SolutionProperties) = preSolution
		HideSolutionNode = FALSE
	EndGlobalSection
	GlobalSection(NestedProjects) = preSolution
		{1DBD028B-4D3B-4774-8A16-8F08DF305F74} = {0C1AAD55-55BF-4294-9B5E-947EB932D6EF}
		{FC71AAE9-EA5C-4A81-87EF-031492F964F8} = {75311EB2-2F23-4CF6-96DE-5F4ED3FE1005}
		{3874DB41-0939-4F1D-B7AF-225E94D60635} = {75311EB2-2F23-4CF6-96DE-5F4ED3FE1005}
		{B582DDDA-179B-47EB-9D96-308CAFF0C28F} = {875DAD1A-ECAE-40EC-B945-8BA1D6DA348C}
		{D2CDFF99-7CFB-4C56-9A7F-514D94794961} = {0C1AAD55-55BF-4294-9B5E-947EB932D6EF}
		{D6C7A642-5C6E-4FB2-8B9B-A4F7B9EECD7D} = {0C1AAD55-55BF-4294-9B5E-947EB932D6EF}
	EndGlobalSection
	GlobalSection(ExtensibilityGlobals) = postSolution
		SolutionGuid = {B59E537F-C158-44CC-A6DC-C19A22380197}
	EndGlobalSection
EndGlobal
